
Microsoft Visual Studio Solution File, Format Version 12.00
# Visual Studio Version 17
VisualStudioVersion = 17.7.34024.191
MinimumVisualStudioVersion = 10.0.40219.1
Project("{9A19103F-16F7-4668-BE54-9A1E7A4F7556}") = "WobblyManhunt", "WobblyManhunt.csproj", "{C742B953-611E-41D6-99BB-2405401E8D2B}"
EndProject
Global
	GlobalSection(SolutionConfigurationPlatforms) = preSolution
		Debug|Any CPU = Debug|Any CPU
		Release|Any CPU = Release|Any CPU
	EndGlobalSection
	GlobalSection(ProjectConfigurationPlatforms) = postSolution
		{C742B953-611E-41D6-99BB-2405401E8D2B}.Debug|Any CPU.ActiveCfg = Debug|Any CPU
		{C742B953-611E-41D6-99BB-2405401E8D2B}.Debug|Any CPU.Build.0 = Debug|Any CPU
		{C742B953-611E-41D6-99BB-2405401E8D2B}.Release|Any CPU.ActiveCfg = Release|Any CPU
		{C742B953-611E-41D6-99BB-2405401E8D2B}.Release|Any CPU.Build.0 = Release|Any CPU
	EndGlobalSection
	GlobalSection(SolutionProperties) = preSolution
		HideSolutionNode = FALSE
	EndGlobalSection
	GlobalSection(ExtensibilityGlobals) = postSolution
		SolutionGuid = {6BEEE002-F27E-4D94-A70C-6085EFDE026C}
	EndGlobalSection
EndGlobal
